        "coveralls-next": "^4.2.1",
      "peer": true,
    "node_modules/coveralls-next": {
      "version": "4.2.1",
      "resolved": "https://registry.npmjs.org/coveralls-next/-/coveralls-next-4.2.1.tgz",
      "integrity": "sha512-O/SBGZsCryt+6Q3NuJHENyQYaucTEV9qp0KGaed+y42PUh+GuF949LRLHKZbxWwOIc1tV8bJRIVWlfbZ8etEwQ==",
      "license": "BSD-2-Clause",
        "form-data": "4.0.0",
        "js-yaml": "4.1.0",
        "lcov-parse": "1.0.0",
        "log-driver": "1.2.7",
        "minimist": "1.2.8"
        "node": ">=16"
      }
    },
    "node_modules/coveralls-next/node_modules/argparse": {
      "version": "2.0.1",
      "resolved": "https://registry.npmjs.org/argparse/-/argparse-2.0.1.tgz",
      "integrity": "sha512-8+9WqebbFzpX9OR+Wa6O29asIogeRMzcGtAINdpMHHyAg10f05aSFVBbcEqGf/PXw1EjAZ+q2/bEBg3DvurK3Q==",
      "dev": true,
      "license": "Python-2.0"
    },
    "node_modules/coveralls-next/node_modules/js-yaml": {
      "version": "4.1.0",
      "resolved": "https://registry.npmjs.org/js-yaml/-/js-yaml-4.1.0.tgz",
      "integrity": "sha512-wpxZs9NoxZaJESJGIZTyDEaYpl0FKSA+FB9aJiyemKhMwkxQg63h4T1KJgUGHpTqPDNRcmmYLugrRjJlBtWvRA==",
      "dev": true,
      "license": "MIT",
      "dependencies": {
        "argparse": "^2.0.1"
      },
      "bin": {
        "js-yaml": "bin/js-yaml.js"
      "version": "4.0.0",
      "resolved": "https://registry.npmjs.org/form-data/-/form-data-4.0.0.tgz",
      "integrity": "sha512-ETEklSGi5t0QMZuiXoA/Q6vcnxcLQP5vdugSpuAyi6SVGi2clPPp+xgEhuMaHC+zGgn31Kd235W35f7Hykkaww==",
      "license": "MIT",
        "combined-stream": "^1.0.8",
        "node": ">= 6"
      "license": "BSD-3-Clause",
      "license": "ISC",
      "peer": true,
    "coveralls-next": {
      "version": "4.2.1",
      "resolved": "https://registry.npmjs.org/coveralls-next/-/coveralls-next-4.2.1.tgz",
      "integrity": "sha512-O/SBGZsCryt+6Q3NuJHENyQYaucTEV9qp0KGaed+y42PUh+GuF949LRLHKZbxWwOIc1tV8bJRIVWlfbZ8etEwQ==",
        "form-data": "4.0.0",
        "js-yaml": "4.1.0",
        "lcov-parse": "1.0.0",
        "log-driver": "1.2.7",
        "minimist": "1.2.8"
      },
      "dependencies": {
        "argparse": {
          "version": "2.0.1",
          "resolved": "https://registry.npmjs.org/argparse/-/argparse-2.0.1.tgz",
          "integrity": "sha512-8+9WqebbFzpX9OR+Wa6O29asIogeRMzcGtAINdpMHHyAg10f05aSFVBbcEqGf/PXw1EjAZ+q2/bEBg3DvurK3Q==",
          "dev": true
        },
        "js-yaml": {
          "version": "4.1.0",
          "resolved": "https://registry.npmjs.org/js-yaml/-/js-yaml-4.1.0.tgz",
          "integrity": "sha512-wpxZs9NoxZaJESJGIZTyDEaYpl0FKSA+FB9aJiyemKhMwkxQg63h4T1KJgUGHpTqPDNRcmmYLugrRjJlBtWvRA==",
          "dev": true,
          "requires": {
            "argparse": "^2.0.1"
          }
        }
      "version": "4.0.0",
      "resolved": "https://registry.npmjs.org/form-data/-/form-data-4.0.0.tgz",
      "integrity": "sha512-ETEklSGi5t0QMZuiXoA/Q6vcnxcLQP5vdugSpuAyi6SVGi2clPPp+xgEhuMaHC+zGgn31Kd235W35f7Hykkaww==",
        "combined-stream": "^1.0.8",
